
Microsoft Visual Studio Solution File, Format Version 12.00
# Visual Studio 15
Project("{FAE04EC0-301F-11D3-BF4B-00C04F79EFBC}") = "Assembly-CSharp-firstpass", "Assembly-CSharp-firstpass.csproj", "{CF9C00A2-0D28-B872-2EAC-2669BC7EC17E}"
EndProject
Project("{FAE04EC0-301F-11D3-BF4B-00C04F79EFBC}") = "Assembly-CSharp", "Assembly-CSharp.csproj", "{0C49D0E3-0141-96A2-24A4-102BED1164B6}"
EndProject
Project("{FAE04EC0-301F-11D3-BF4B-00C04F79EFBC}") = "Assembly-CSharp-Editor", "Assembly-CSharp-Editor.csproj", "{FF595E8A-755D-453F-5C77-5B538F144268}"
EndProject
Global
	GlobalSection(SolutionConfigurationPlatforms) = preSolution
		Debug|Any CPU = Debug|Any CPU
		Release|Any CPU = Release|Any CPU
	EndGlobalSection
	GlobalSection(ProjectConfigurationPlatforms) = postSolution
		{CF9C00A2-0D28-B872-2EAC-2669BC7EC17E}.Debug|Any CPU.ActiveCfg = Debug|Any CPU
		{CF9C00A2-0D28-B872-2EAC-2669BC7EC17E}.Debug|Any CPU.Build.0 = Debug|Any CPU
		{CF9C00A2-0D28-B872-2EAC-2669BC7EC17E}.Release|Any CPU.ActiveCfg = Release|Any CPU
		{CF9C00A2-0D28-B872-2EAC-2669BC7EC17E}.Release|Any CPU.Build.0 = Release|Any CPU
		{0C49D0E3-0141-96A2-24A4-102BED1164B6}.Debug|Any CPU.ActiveCfg = Debug|Any CPU
		{0C49D0E3-0141-96A2-24A4-102BED1164B6}.Debug|Any CPU.Build.0 = Debug|Any CPU
		{0C49D0E3-0141-96A2-24A4-102BED1164B6}.Release|Any CPU.ActiveCfg = Release|Any CPU
		{0C49D0E3-0141-96A2-24A4-102BED1164B6}.Release|Any CPU.Build.0 = Release|Any CPU
		{FF595E8A-755D-453F-5C77-5B538F144268}.Debug|Any CPU.ActiveCfg = Debug|Any CPU
		{FF595E8A-755D-453F-5C77-5B538F144268}.Debug|Any CPU.Build.0 = Debug|Any CPU
		{FF595E8A-755D-453F-5C77-5B538F144268}.Release|Any CPU.ActiveCfg = Release|Any CPU
		{FF595E8A-755D-453F-5C77-5B538F144268}.Release|Any CPU.Build.0 = Release|Any CPU
	EndGlobalSection
	GlobalSection(SolutionProperties) = preSolution
		HideSolutionNode = FALSE
	EndGlobalSection
EndGlobal
